{
  "nodes": {
    "flake-parts": {
      "inputs": {
        "nixpkgs-lib": [
          "nvim",
          "nixvim",
          "nixpkgs"
        ]
      },
      "locked": {
        "lastModified": 1726153070,
        "narHash": "sha256-HO4zgY0ekfwO5bX0QH/3kJ/h4KvUDFZg8YpkNwIbg1U=",
        "owner": "hercules-ci",
        "repo": "flake-parts",
        "rev": "bcef6817a8b2aa20a5a6dbb19b43e63c5bf8619a",
        "type": "github"
      },
      "original": {
        "owner": "hercules-ci",
        "repo": "flake-parts",
        "type": "github"
      }
    },
    "flake-utils": {
      "inputs": {
        "systems": "systems"
      },
      "locked": {
        "lastModified": 1726560853,
        "narHash": "sha256-X6rJYSESBVr3hBoH0WbKE5KvhPU5bloyZ2L4K60/fPQ=",
        "owner": "numtide",
        "repo": "flake-utils",
        "rev": "c1dfcf08411b08f6b8615f7d8971a2bfa81d5e8a",
        "type": "github"
      },
      "original": {
        "owner": "numtide",
        "repo": "flake-utils",
        "type": "github"
      }
    },
    "flake-utils_2": {
      "inputs": {
        "systems": "systems_2"
      },
      "locked": {
        "lastModified": 1710146030,
        "narHash": "sha256-SZ5L6eA7HJ/nmkzGG7/ISclqe6oZdOZTNoesiInkXPQ=",
        "owner": "numtide",
        "repo": "flake-utils",
        "rev": "b1d9ab70662946ef0850d488da1c9019f3a9752a",
        "type": "github"
      },
      "original": {
        "owner": "numtide",
        "repo": "flake-utils",
        "type": "github"
      }
    },
    "flake-utils_3": {
      "inputs": {
        "systems": "systems_3"
      },
      "locked": {
        "lastModified": 1710146030,
        "narHash": "sha256-SZ5L6eA7HJ/nmkzGG7/ISclqe6oZdOZTNoesiInkXPQ=",
        "owner": "numtide",
        "repo": "flake-utils",
        "rev": "b1d9ab70662946ef0850d488da1c9019f3a9752a",
        "type": "github"
      },
      "original": {
        "owner": "numtide",
        "repo": "flake-utils",
        "type": "github"
      }
    },
    "home-manager": {
      "inputs": {
        "nixpkgs": [
          "nvim",
          "nixpkgs"
        ]
      },
      "locked": {
        "lastModified": 1726440980,
        "narHash": "sha256-ChhIrjtdu5d83W+YDRH+Ec5g1MmM0xk6hJnkz15Ot7M=",
        "owner": "nix-community",
        "repo": "home-manager",
        "rev": "a9c9cc6e50f7cbd2d58ccb1cd46a1e06e9e445ff",
        "type": "github"
      },
      "original": {
        "owner": "nix-community",
        "repo": "home-manager",
        "type": "github"
      }
    },
    "nixos-modules": {
      "inputs": {
        "flake-utils": "flake-utils_2",
        "nixpkgs": [
          "nixpkgs"
        ],
        "search": "search"
      },
      "locked": {
        "lastModified": 1726392876,
        "narHash": "sha256-+3AevmxWvC/H4I9TWAJSa+Y6QDY2+2cSZiSrOkLGJ/8=",
        "owner": "NuschtOS",
        "repo": "nixos-modules",
        "rev": "fb562371c3773fc1554cf450c93db35c377f4b3b",
        "type": "github"
      },
      "original": {
        "owner": "NuschtOS",
        "repo": "nixos-modules",
        "type": "github"
      }
    },
    "nixpkgs": {
      "locked": {
        "lastModified": 1726929282,
        "narHash": "sha256-Xl/sHA2QPn/1+s62bhSiVuzuA0m9yqOESnjnR2CSFEQ=",
        "owner": "NuschtOS",
        "repo": "nuschtpkgs",
        "rev": "e22cff3b78bba11fce993d8c8342499dfb5b170c",
        "type": "github"
      },
      "original": {
        "owner": "NuschtOS",
        "ref": "nixos-unstable",
        "repo": "nuschtpkgs",
        "type": "github"
      }
    },
    "nixvim": {
      "inputs": {
        "devshell": [
          "nvim"
        ],
        "flake-compat": [
          "nvim"
        ],
        "flake-parts": "flake-parts",
        "git-hooks": [
          "nvim"
        ],
        "home-manager": [
          "nvim",
          "home-manager"
        ],
        "nix-darwin": [
          "nvim"
        ],
        "nixpkgs": [
          "nvim",
          "nixpkgs"
        ],
        "nuschtosSearch": "nuschtosSearch",
        "treefmt-nix": [
          "nvim"
        ]
      },
      "locked": {
        "lastModified": 1726502324,
        "narHash": "sha256-I/WFSIBeIjlY3CgSJ6IRYxP2aEJ6b42Y1HAeATlBh48=",
        "owner": "nix-community",
        "repo": "nixvim",
        "rev": "2e3083e42509c399b224239f6d7fa17976b18536",
        "type": "github"
      },
      "original": {
        "owner": "nix-community",
        "repo": "nixvim",
        "type": "github"
      }
    },
    "nuschtosSearch": {
      "inputs": {
        "flake-utils": "flake-utils_3",
        "nixpkgs": [
          "nvim",
          "nixvim",
          "nixpkgs"
        ]
      },
      "locked": {
        "lastModified": 1726392886,
        "narHash": "sha256-9RtOuG7V8KG8IU8nZje5EQ1WSM/inr7+zb3tAgTiHDM=",
        "owner": "NuschtOS",
        "repo": "search",
        "rev": "97d34b70deed4878fcb2449ac89dab717d72efa1",
        "type": "github"
      },
      "original": {
        "owner": "NuschtOS",
        "repo": "search",
        "type": "github"
      }
    },
    "nvim": {
      "inputs": {
        "flake-utils": [
          "flake-utils"
        ],
        "home-manager": "home-manager",
        "nixpkgs": [
          "nixpkgs"
        ],
        "nixvim": "nixvim"
      },
      "locked": {
        "lastModified": 1726579044,
        "narHash": "sha256-L4f/iJdoELes6yP3gC2ei9YaXSGD5XjH3DcV7KWVx3w=",
        "owner": "NuschtOS",
        "repo": "nvim.nix",
        "rev": "fe5507e85678127d8e047ebbe651451e9eeee7f1",
        "type": "github"
      },
      "original": {
        "owner": "NuschtOS",
        "repo": "nvim.nix",
        "type": "github"
      }
    },
    "root": {
      "inputs": {
        "flake-utils": "flake-utils",
        "nixos-modules": "nixos-modules",
        "nixpkgs": "nixpkgs",
        "nvim": "nvim"
      }
    },
    "search": {
      "inputs": {
        "flake-utils": [
          "nixos-modules",
          "flake-utils"
        ],
        "nixpkgs": [
          "nixos-modules",
          "nixpkgs"
        ]
      },
      "locked": {
        "lastModified": 1726208959,
        "narHash": "sha256-Bq2YtXyHhDpBrqDlJysQgbhvauyiYTQXt7d6xxZdRck=",
        "owner": "nuschtos",
        "repo": "search",
        "rev": "4267d5c5b51591a9553eefbd12172da050ee3433",
        "type": "github"
      },
      "original": {
        "owner": "nuschtos",
        "repo": "search",
        "type": "github"
      }
    },
    "systems": {
      "locked": {
        "lastModified": 1681028828,
        "narHash": "sha256-Vy1rq5AaRuLzOxct8nz4T6wlgyUR7zLU309k9mBC768=",
        "owner": "nix-systems",
        "repo": "default",
        "rev": "da67096a3b9bf56a91d16901293e51ba5b49a27e",
        "type": "github"
      },
      "original": {
        "owner": "nix-systems",
        "repo": "default",
        "type": "github"
      }
    },
    "systems_2": {
      "locked": {
        "lastModified": 1681028828,
        "narHash": "sha256-Vy1rq5AaRuLzOxct8nz4T6wlgyUR7zLU309k9mBC768=",
        "owner": "nix-systems",
        "repo": "default",
        "rev": "da67096a3b9bf56a91d16901293e51ba5b49a27e",
        "type": "github"
      },
      "original": {
        "owner": "nix-systems",
        "repo": "default",
        "type": "github"
      }
    },
    "systems_3": {
      "locked": {
        "lastModified": 1681028828,
        "narHash": "sha256-Vy1rq5AaRuLzOxct8nz4T6wlgyUR7zLU309k9mBC768=",
        "owner": "nix-systems",
        "repo": "default",
        "rev": "da67096a3b9bf56a91d16901293e51ba5b49a27e",
        "type": "github"
      },
      "original": {
        "owner": "nix-systems",
        "repo": "default",
        "type": "github"
      }
    }
  },
  "root": "root",
  "version": 7
}
